
Microsoft Visual Studio Solution File, Format Version 12.00
# Visual Studio 2013
VisualStudioVersion = 12.0.31101.0
MinimumVisualStudioVersion = 10.0.40219.1
Project("{FAE04EC0-301F-11D3-BF4B-00C04F79EFBC}") = "localforage-photos.web", "localforage-photos.web\localforage-photos.web.csproj", "{3166B597-D4D4-46CD-B54C-A48ACD006ADA}"
EndProject
Global
	GlobalSection(SolutionConfigurationPlatforms) = preSolution
		Debug|Any CPU = Debug|Any CPU
		Release|Any CPU = Release|Any CPU
	EndGlobalSection
	GlobalSection(ProjectConfigurationPlatforms) = postSolution
		{3166B597-D4D4-46CD-B54C-A48ACD006ADA}.Debug|Any CPU.ActiveCfg = Debug|Any CPU
		{3166B597-D4D4-46CD-B54C-A48ACD006ADA}.Debug|Any CPU.Build.0 = Debug|Any CPU
		{3166B597-D4D4-46CD-B54C-A48ACD006ADA}.Release|Any CPU.ActiveCfg = Release|Any CPU
		{3166B597-D4D4-46CD-B54C-A48ACD006ADA}.Release|Any CPU.Build.0 = Release|Any CPU
	EndGlobalSection
	GlobalSection(SolutionProperties) = preSolution
		HideSolutionNode = FALSE
	EndGlobalSection
EndGlobal
